{
    "_readme": [
        "This file locks the dependencies of your project to a known state",
        "Read more about it at https://getcomposer.org/doc/01-basic-usage.md#composer-lock-the-lock-file",
        "This file is @generated automatically"
    ],
    "hash": "9d63420397202207886e09440671231a",
    "packages": [
        {
            "name": "cclark61/phpOpenFW",
            "version": "1.2.3",
            "source": {
                "type": "git",
                "url": "https://github.com/cclark61/phpOpenFW.git",
                "reference": "4d8e80dd10ba1f912a921ece0b54c4cbaedc67f7"
            },
            "dist": {
                "type": "zip",
                "url": "https://github.com/cclark61/phpOpenFW/archive/master.zip",
                "reference": null,
                "shasum": null
            },
            "type": "library",
            "support": {
                "source": "https://github.com/cclark61/phpOpenFW/tree/1.2.3",
                "issues": "https://github.com/cclark61/phpOpenFW/issues"
            },
            "time": "2014-08-28 20:15:28"
        },
        {
            "name": "cclark61/phpOpenPlugins",
            "version": "dev-master",
            "source": {
                "type": "git",
                "url": "https://github.com/cclark61/phpOpenPlugins.git",
                "reference": "e4559d2c30b580ef836f7626afbefa158dfeb08b"
            },
            "dist": {
                "type": "zip",
                "url": "https://github.com/cclark61/phpOpenPlugins/archive/master.zip",
                "reference": null,
                "shasum": null
            },
            "type": "library",
            "support": {
                "source": "https://github.com/cclark61/phpOpenPlugins/tree/master",
                "issues": "https://github.com/cclark61/phpOpenPlugins/issues"
            },
            "time": "2015-09-01 19:13:36"
        }
    ],
    "packages-dev": [],
    "aliases": [],
    "minimum-stability": "stable",
    "stability-flags": {
        "cclark61/phpopenplugins": 20
    },
    "prefer-stable": false,
    "prefer-lowest": false,
    "platform": [],
    "platform-dev": []
}
